{
  "nodes": {
    "home-manager": {
      "inputs": {
        "nixpkgs": "nixpkgs"
      },
      "locked": {
        "lastModified": 1607638611,
        "narHash": "sha256-KRkNcw1eZns54CyunrHx7qoPccvy1hz7/VpMnWtp5hg=",
        "owner": "nix-community",
        "repo": "home-manager",
        "rev": "b6ed605d4a5a75fae25132e4f1da15f3fd635bc1",
        "type": "github"
      },
      "original": {
        "owner": "nix-community",
        "repo": "home-manager",
        "type": "github"
      }
    },
    "nixpkgs": {
      "locked": {
        "lastModified": 1607812076,
        "narHash": "sha256-Ez2gYf+sq8ZZDP+H1a+7uP7qqtKIrX605FOpY7rp+us=",
        "owner": "NixOS",
        "repo": "nixpkgs",
        "rev": "c2c0d57339c436744471b1337f362810ae8de340",
        "type": "github"
      },
      "original": {
        "id": "nixpkgs",
        "type": "indirect"
      }
    },
    "nixpkgs-22_05": {
      "locked": {
        "lastModified": 1658029355,
        "narHash": "sha256-VJcYmkYfzwHrZ76SMH6y9KqoVFOPgZiJgh1rK9cF2mw=",
        "owner": "NixOS",
        "repo": "nixpkgs",
        "rev": "4e329926df7ee5fa49929a83d31ee7d541f8b45c",
        "type": "github"
      },
      "original": {
        "owner": "NixOS",
        "ref": "release-22.05",
        "repo": "nixpkgs",
        "type": "github"
      }
    },
    "nixpkgs_2": {
      "locked": {
        "lastModified": 1654847188,
        "narHash": "sha256-MC+eP7XOGE1LAswOPqdcGoUqY9mEQ3ZaaxamVTbc0hM=",
        "owner": "nixos",
        "repo": "nixpkgs",
        "rev": "8b66e3f2ebcc644b78cec9d6f152192f4e7d322f",
        "type": "github"
      },
      "original": {
        "owner": "nixos",
        "ref": "nixos-22.05",
        "repo": "nixpkgs",
        "type": "github"
      }
    },
    "nixpkgs_3": {
      "locked": {
        "lastModified": 1657888067,
        "narHash": "sha256-GnwJoFBTPfW3+mz7QEeJEEQ9OMHZOiIJ/qDhZxrlKh8=",
        "owner": "NixOS",
        "repo": "nixpkgs",
        "rev": "65fae659e31098ca4ac825a6fef26d890aaf3f4e",
        "type": "github"
      },
      "original": {
        "owner": "NixOS",
        "ref": "nixpkgs-unstable",
        "repo": "nixpkgs",
        "type": "github"
      }
    },
    "root": {
      "inputs": {
        "home-manager": "home-manager",
        "nixpkgs": "nixpkgs_2",
        "sops-nix": "sops-nix"
      }
    },
    "sops-nix": {
      "inputs": {
        "nixpkgs": "nixpkgs_3",
        "nixpkgs-22_05": "nixpkgs-22_05"
      },
      "locked": {
        "lastModified": 1658030499,
        "narHash": "sha256-Y2Me+uys8VpKUincd7T3ab8O4gBFv8bR5BmBZfn4i4w=",
        "owner": "Mic92",
        "repo": "sops-nix",
        "rev": "7526ce07b897ad1f1016680de5121f646e28a893",
        "type": "github"
      },
      "original": {
        "owner": "Mic92",
        "repo": "sops-nix",
        "type": "github"
      }
    }
  },
  "root": "root",
  "version": 7
}
