name: update-flake-lock
on:
  workflow_dispatch:
  schedule:
    - cron: '0 0 * * 0'

jobs:
  lockfile:
    runs-on: ubuntu-latest
    # Opens the lockfile-bump PR.
    permissions:
      contents: write
      pull-requests: write
    steps:
      - name: Checkout repository
        uses: actions/checkout@11d5960a326750d5838078e36cf38b85af677262 # v4.4.0
      - name: Install Nix
        uses: DeterminateSystems/nix-installer-action@ef8a148080ab6020fd15196c2084a2eea5ff2d25 # v22
      - name: Update flake.lock
        uses: DeterminateSystems/update-flake-lock@834c491b2ece4de0bbd00d85214bb5e83b4da5c6 # v28
        with:
          pr-title: "Update flake.lock"
          pr-labels: |
            dependencies
            automated
